
Microsoft Visual Studio Solution File, Format Version 12.00
# Visual Studio Version 17
VisualStudioVersion = 17.2.32630.192
MinimumVisualStudioVersion = 10.0.40219.1
Project("{FAE04EC0-301F-11D3-BF4B-00C04F79EFBC}") = "WebApplication1", "WebApplication1\WebApplication1.csproj", "{B7B3BBE9-5BF8-4FD7-8D70-8C22E16FEED0}"
EndProject
Project("{FAE04EC0-301F-11D3-BF4B-00C04F79EFBC}") = "TestProject1", "TestProject1\TestProject1.csproj", "{CCEC809D-2100-4D88-90EE-A668ED38BA3D}"
EndProject
Global
	GlobalSection(SolutionConfigurationPlatforms) = preSolution
		Debug|Any CPU = Debug|Any CPU
		Release|Any CPU = Release|Any CPU
	EndGlobalSection
	GlobalSection(ProjectConfigurationPlatforms) = postSolution
		{B7B3BBE9-5BF8-4FD7-8D70-8C22E16FEED0}.Debug|Any CPU.ActiveCfg = Debug|Any CPU
		{B7B3BBE9-5BF8-4FD7-8D70-8C22E16FEED0}.Debug|Any CPU.Build.0 = Debug|Any CPU
		{B7B3BBE9-5BF8-4FD7-8D70-8C22E16FEED0}.Release|Any CPU.ActiveCfg = Release|Any CPU
		{B7B3BBE9-5BF8-4FD7-8D70-8C22E16FEED0}.Release|Any CPU.Build.0 = Release|Any CPU
		{CCEC809D-2100-4D88-90EE-A668ED38BA3D}.Debug|Any CPU.ActiveCfg = Debug|Any CPU
		{CCEC809D-2100-4D88-90EE-A668ED38BA3D}.Debug|Any CPU.Build.0 = Debug|Any CPU
		{CCEC809D-2100-4D88-90EE-A668ED38BA3D}.Release|Any CPU.ActiveCfg = Release|Any CPU
		{CCEC809D-2100-4D88-90EE-A668ED38BA3D}.Release|Any CPU.Build.0 = Release|Any CPU
	EndGlobalSection
	GlobalSection(SolutionProperties) = preSolution
		HideSolutionNode = FALSE
	EndGlobalSection
	GlobalSection(ExtensibilityGlobals) = postSolution
		SolutionGuid = {C4A56DA3-1578-4364-93A3-A599C8B5F30C}
	EndGlobalSection
EndGlobal
